{
  "name": "atlas-vnext",
  "version": "0.1.0",
  "lockfileVersion": 3,
  "requires": true,
  "packages": {
    "": {
      "name": "atlas-vnext",
      "version": "0.1.0",
      "workspaces": [
        "apps/*",
        "services/*",
        "packages/*",
        "domains/*"
      ],
      "engines": {
        "node": ">=22"
      }
    },
    "apps/shell": {
      "name": "@atlas/shell",
      "version": "0.0.0-design-gate",
      "dependencies": {
        "@atlas/contracts": "0.0.0-design-gate",
        "@atlas/plugin-sdk": "0.0.0-design-gate"
      }
    },
    "domains/investigation": {
      "name": "@atlas/domain-investigation",
      "version": "0.0.0-design-gate",
      "dependencies": {
        "@atlas/contracts": "0.0.0-design-gate",
        "@atlas/plugin-sdk": "0.0.0-design-gate"
      }
    },
    "domains/music": {
      "name": "@atlas/domain-music",
      "version": "0.0.0-design-gate",
      "dependencies": {
        "@atlas/contracts": "0.0.0-design-gate",
        "@atlas/plugin-sdk": "0.0.0-design-gate"
      }
    },
    "domains/quantum": {
      "name": "@atlas/domain-quantum",
      "version": "0.0.0-design-gate",
      "dependencies": {
        "@atlas/contracts": "0.0.0-design-gate",
        "@atlas/plugin-sdk": "0.0.0-design-gate"
      }
    },
    "domains/website-studio": {
      "name": "@atlas/domain-website-studio",
      "version": "0.0.0-design-gate",
      "dependencies": {
        "@atlas/contracts": "0.0.0-design-gate",
        "@atlas/plugin-sdk": "0.0.0-design-gate"
      }
    },
    "domains/writing": {
      "name": "@atlas/domain-writing",
      "version": "0.0.0-design-gate",
      "dependencies": {
        "@atlas/contracts": "0.0.0-design-gate",
        "@atlas/plugin-sdk": "0.0.0-design-gate"
      }
    },
    "node_modules/@atlas/broker": {
      "resolved": "services/broker",
      "link": true
    },
    "node_modules/@atlas/contracts": {
      "resolved": "packages/contracts",
      "link": true
    },
    "node_modules/@atlas/domain-investigation": {
      "resolved": "domains/investigation",
      "link": true
    },
    "node_modules/@atlas/domain-music": {
      "resolved": "domains/music",
      "link": true
    },
    "node_modules/@atlas/domain-quantum": {
      "resolved": "domains/quantum",
      "link": true
    },
    "node_modules/@atlas/domain-website-studio": {
      "resolved": "domains/website-studio",
      "link": true
    },
    "node_modules/@atlas/domain-writing": {
      "resolved": "domains/writing",
      "link": true
    },
    "node_modules/@atlas/edge": {
      "resolved": "services/edge",
      "link": true
    },
    "node_modules/@atlas/eval": {
      "resolved": "packages/eval",
      "link": true
    },
    "node_modules/@atlas/nexus": {
      "resolved": "services/nexus",
      "link": true
    },
    "node_modules/@atlas/plugin-sdk": {
      "resolved": "packages/plugin-sdk",
      "link": true
    },
    "node_modules/@atlas/provider-spi": {
      "resolved": "packages/provider-spi",
      "link": true
    },
    "node_modules/@atlas/shell": {
      "resolved": "apps/shell",
      "link": true
    },
    "node_modules/@atlas/storage": {
      "resolved": "packages/storage",
      "link": true
    },
    "packages/contracts": {
      "name": "@atlas/contracts",
      "version": "0.0.0-design-gate"
    },
    "packages/eval": {
      "name": "@atlas/eval",
      "version": "0.0.0-design-gate",
      "dependencies": {
        "@atlas/contracts": "0.0.0-design-gate"
      }
    },
    "packages/plugin-sdk": {
      "name": "@atlas/plugin-sdk",
      "version": "0.0.0-design-gate",
      "dependencies": {
        "@atlas/contracts": "0.0.0-design-gate"
      }
    },
    "packages/provider-spi": {
      "name": "@atlas/provider-spi",
      "version": "0.0.0-design-gate",
      "dependencies": {
        "@atlas/contracts": "0.0.0-design-gate"
      }
    },
    "packages/storage": {
      "name": "@atlas/storage",
      "version": "0.0.0-design-gate",
      "dependencies": {
        "@atlas/contracts": "0.0.0-design-gate"
      }
    },
    "services/broker": {
      "name": "@atlas/broker",
      "version": "0.0.0-design-gate",
      "dependencies": {
        "@atlas/contracts": "0.0.0-design-gate",
        "@atlas/plugin-sdk": "0.0.0-design-gate",
        "@atlas/provider-spi": "0.0.0-design-gate",
        "@atlas/storage": "0.0.0-design-gate"
      }
    },
    "services/edge": {
      "name": "@atlas/edge",
      "version": "0.0.0-design-gate",
      "dependencies": {
        "@atlas/contracts": "0.0.0-design-gate"
      }
    },
    "services/nexus": {
      "name": "@atlas/nexus",
      "version": "0.0.0-design-gate",
      "dependencies": {
        "@atlas/contracts": "0.0.0-design-gate"
      }
    }
  }
}
