{
  "name": "atlas-vnext",
  "version": "0.1.0",
  "lockfileVersion": 3,
  "requires": true,
  "packages": {
    "": {
      "name": "atlas-vnext",
      "version": "0.1.0",
      "workspaces": [
        "packages/*"
      ],
      "devDependencies": {
        "@types/node": "^22.14.0",
        "typescript": "^5.8.2"
      }
    },
    "node_modules/@atlas/core-contracts": {
      "resolved": "packages/core-contracts",
      "link": true
    },
    "node_modules/@atlas/dungeon-creative": {
      "resolved": "packages/dungeon-creative",
      "link": true
    },
    "node_modules/@atlas/dungeon-knowledge": {
      "resolved": "packages/dungeon-knowledge",
      "link": true
    },
    "node_modules/@atlas/dungeon-osint": {
      "resolved": "packages/dungeon-osint",
      "link": true
    },
    "node_modules/@atlas/execution-broker": {
      "resolved": "packages/execution-broker",
      "link": true
    },
    "node_modules/@atlas/nexus-router": {
      "resolved": "packages/nexus-router",
      "link": true
    },
    "node_modules/@atlas/policy-provenance": {
      "resolved": "packages/policy-provenance",
      "link": true
    },
    "node_modules/@atlas/storage-cas": {
      "resolved": "packages/storage-cas",
      "link": true
    },
    "node_modules/@types/node": {
      "version": "22.20.2",
      "resolved": "https://registry.npmjs.org/@types/node/-/node-22.20.2.tgz",
      "integrity": "sha512-xlvWf4Vs9n1PEVYwP1n4vvG07M6y8WgvJ2t0vbrWTmijsIHp1cS+uJ2kMIRdY3nHZK0nCYKrPeD171+SzF4/zw==",
      "dev": true,
      "license": "MIT",
      "dependencies": {
        "undici-types": "~6.21.0"
      }
    },
    "node_modules/typescript": {
      "version": "5.9.3",
      "resolved": "https://registry.npmjs.org/typescript/-/typescript-5.9.3.tgz",
      "integrity": "sha512-jl1vZzPDinLr9eUt3J/t7V6FgNEw9QjvBPdysz9KfQDD41fQrC2Y4vKQdiaUpFT4bXlb1RHhLpp8wtm6M5TgSw==",
      "dev": true,
      "license": "Apache-2.0",
      "bin": {
        "tsc": "bin/tsc",
        "tsserver": "bin/tsserver"
      },
      "engines": {
        "node": ">=14.17"
      }
    },
    "node_modules/undici-types": {
      "version": "6.21.0",
      "resolved": "https://registry.npmjs.org/undici-types/-/undici-types-6.21.0.tgz",
      "integrity": "sha512-iwDZqg0QAGrg9Rav5H4n0M64c3mkR59cJ6wQp+7C4nI0gsmExaedaYLNO44eT4AtBBwjbTiGPMlt2Md0T9H9JQ==",
      "dev": true,
      "license": "MIT"
    },
    "packages/core-contracts": {
      "name": "@atlas/core-contracts",
      "version": "0.1.0"
    },
    "packages/dungeon-creative": {
      "name": "@atlas/dungeon-creative",
      "version": "0.1.0",
      "dependencies": {
        "@atlas/core-contracts": "^0.1.0"
      }
    },
    "packages/dungeon-knowledge": {
      "name": "@atlas/dungeon-knowledge",
      "version": "0.1.0",
      "dependencies": {
        "@atlas/core-contracts": "^0.1.0"
      }
    },
    "packages/dungeon-osint": {
      "name": "@atlas/dungeon-osint",
      "version": "0.1.0",
      "dependencies": {
        "@atlas/core-contracts": "^0.1.0"
      }
    },
    "packages/execution-broker": {
      "name": "@atlas/execution-broker",
      "version": "0.1.0",
      "dependencies": {
        "@atlas/core-contracts": "^0.1.0",
        "@atlas/storage-cas": "^0.1.0"
      }
    },
    "packages/nexus-router": {
      "name": "@atlas/nexus-router",
      "version": "0.1.0",
      "dependencies": {
        "@atlas/core-contracts": "^0.1.0",
        "@atlas/policy-provenance": "^0.1.0"
      }
    },
    "packages/policy-provenance": {
      "name": "@atlas/policy-provenance",
      "version": "0.1.0",
      "dependencies": {
        "@atlas/core-contracts": "^0.1.0"
      }
    },
    "packages/storage-cas": {
      "name": "@atlas/storage-cas",
      "version": "0.1.0",
      "dependencies": {
        "@atlas/core-contracts": "^0.1.0"
      }
    }
  }
}
